
Microsoft Visual Studio Solution File, Format Version 12.00
# Visual Studio 15
VisualStudioVersion = 15.0.28010.2050
MinimumVisualStudioVersion = 10.0.40219.1
Project("{FAE04EC0-301F-11D3-BF4B-00C04F79EFBC}") = "mgb_AMaker3", "mgb_AMaker3\mgb_AMaker3.csproj", "{21187B4D-9843-4A6D-AA05-21061AA4D3FC}"
EndProject
Global
	GlobalSection(SolutionConfigurationPlatforms) = preSolution
		Debug|Any CPU = Debug|Any CPU
		Release|Any CPU = Release|Any CPU
	EndGlobalSection
	GlobalSection(ProjectConfigurationPlatforms) = postSolution
		{21187B4D-9843-4A6D-AA05-21061AA4D3FC}.Debug|Any CPU.ActiveCfg = Debug|Any CPU
		{21187B4D-9843-4A6D-AA05-21061AA4D3FC}.Debug|Any CPU.Build.0 = Debug|Any CPU
		{21187B4D-9843-4A6D-AA05-21061AA4D3FC}.Release|Any CPU.ActiveCfg = Release|Any CPU
		{21187B4D-9843-4A6D-AA05-21061AA4D3FC}.Release|Any CPU.Build.0 = Release|Any CPU
	EndGlobalSection
	GlobalSection(SolutionProperties) = preSolution
		HideSolutionNode = FALSE
	EndGlobalSection
	GlobalSection(ExtensibilityGlobals) = postSolution
		SolutionGuid = {37F8C2AC-4CC4-4F3F-B560-76CA8C29F777}
	EndGlobalSection
EndGlobal
